<?xml version="1.0" encoding="utf-8"?>
<Project ToolsVersion="4.0" xmlns="http://schemas.microsoft.com/developer/msbuild/2003">
  <ItemGroup>
    <Filter Include="Source Files">
      <UniqueIdentifier>{4FC737F1-C7A5-4376-A066-2A32D752A2FF}</UniqueIdentifier>
      <Extensions>cpp;c;cc;cxx;c++;cppm;ixx;def;odl;idl;hpj;bat;asm;asmx</Extensions>
    </Filter>
    <Filter Include="Header Files">
      <UniqueIdentifier>{93995380-89BD-4b04-88EB-625FBE52EBFB}</UniqueIdentifier>
      <Extensions>h;hh;hpp;hxx;h++;hm;inl;inc;ipp;xsd</Extensions>
    </Filter>
    <Filter Include="features">
      <UniqueIdentifier>{f1a7b8c9-d0e1-4f2a-b3c4-d5e6f7a8b9c0}</UniqueIdentifier>
    </Filter>
    <Filter Include="memory">
      <UniqueIdentifier>{a1b2c3d4-e5f6-4a1b-9c0d-e1f2a3b4c5d6}</UniqueIdentifier>
    </Filter>
    <Filter Include="sdk">
      <UniqueIdentifier>{b2c3d4e5-f6a7-4b2c-8d1e-f2a3b4c5d6e7}</UniqueIdentifier>
    </Filter>
    <Filter Include="overlay">
      <UniqueIdentifier>{c3d4e5f6-a7b8-4c3d-9e2f-0a1b2c3d4e5f}</UniqueIdentifier>
    </Filter>
    <Filter Include="protection">
      <UniqueIdentifier>{d4e5f6a7-b8c9-4d4e-af30-1b2c3d4e5f6a}</UniqueIdentifier>
    </Filter>
  </ItemGroup>
  <ItemGroup>
    <ClCompile Include="main.cpp">
      <Filter>Source Files</Filter>
    </ClCompile>
    <ClCompile Include="memory\process.cpp">
      <Filter>memory</Filter>
    </ClCompile>
    <ClCompile Include="memory\read.cpp">
      <Filter>memory</Filter>
    </ClCompile>
    <ClCompile Include="overlay\dx11_renderer.cpp">
      <Filter>overlay</Filter>
    </ClCompile>
    <ClCompile Include="features\esp.cpp">
      <Filter>features</Filter>
    </ClCompile>
    <ClCompile Include="features\aimbot.cpp">
      <Filter>features</Filter>
    </ClCompile>
    <ClCompile Include="features\skinchanger.cpp">
      <Filter>features</Filter>
    </ClCompile>
    <ClCompile Include="protection\protection.cpp">
      <Filter>protection</Filter>
    </ClCompile>
    <ClCompile Include="protection\security_runtime.cpp">
      <Filter>protection</Filter>
    </ClCompile>
  </ItemGroup>
  <ItemGroup>
    <ClInclude Include="sdk\structs.h">
      <Filter>sdk</Filter>
    </ClInclude>
    <ClInclude Include="sdk\math.h">
      <Filter>sdk</Filter>
    </ClInclude>
    <ClInclude Include="sdk\offsets.h">
      <Filter>sdk</Filter>
    </ClInclude>
    <ClInclude Include="memory\process.h">
      <Filter>memory</Filter>
    </ClInclude>
    <ClInclude Include="memory\read.h">
      <Filter>memory</Filter>
    </ClInclude>
    <ClInclude Include="overlay\dx11_renderer.h">
      <Filter>overlay</Filter>
    </ClInclude>
    <ClInclude Include="features\config.h">
      <Filter>features</Filter>
    </ClInclude>
    <ClInclude Include="features\esp.h">
      <Filter>features</Filter>
    </ClInclude>
    <ClInclude Include="features\aimbot.h">
      <Filter>features</Filter>
    </ClInclude>
    <ClInclude Include="features\skinchanger.h">
      <Filter>features</Filter>
    </ClInclude>
    <ClInclude Include="protection\protection.h">
      <Filter>protection</Filter>
    </ClInclude>
    <ClInclude Include="protection\security_runtime.h">
      <Filter>protection</Filter>
    </ClInclude>
  </ItemGroup>
</Project>
